
Microsoft Visual Studio Solution File, Format Version 12.00
# Visual Studio Version 17
VisualStudioVersion = 17.0.31903.59
MinimumVisualStudioVersion = 10.0.40219.1
Project("{FAE04EC0-301F-11D3-BF4B-00C04F79EFBC}") = "ServiceDefaults", "src\ServiceDefaults\ServiceDefaults.csproj", "{FFF69A26-DA04-4C54-B865-0458BF2A2673}"
EndProject
Project("{FAE04EC0-301F-11D3-BF4B-00C04F79EFBC}") = "API", "src\API\API.csproj", "{0DF66974-E022-458A-A033-484D507FEFBA}"
EndProject
Project("{FAE04EC0-301F-11D3-BF4B-00C04F79EFBC}") = "AppHost", "src\AppHost\AppHost.csproj", "{F55A4D1B-1055-4E99-9900-492310A47BFE}"
EndProject
Project("{FAE04EC0-301F-11D3-BF4B-00C04F79EFBC}") = "API.Tests", "API.Tests\API.Tests.csproj", "{68C7C2DE-5A9B-4DFC-8094-84AAD4D1E5BE}"
EndProject
Global
	GlobalSection(SolutionConfigurationPlatforms) = preSolution
		Debug|Any CPU = Debug|Any CPU
		Release|Any CPU = Release|Any CPU
	EndGlobalSection
	GlobalSection(SolutionProperties) = preSolution
		HideSolutionNode = FALSE
	EndGlobalSection
	GlobalSection(ProjectConfigurationPlatforms) = postSolution
		{FFF69A26-DA04-4C54-B865-0458BF2A2673}.Debug|Any CPU.ActiveCfg = Debug|Any CPU
		{FFF69A26-DA04-4C54-B865-0458BF2A2673}.Debug|Any CPU.Build.0 = Debug|Any CPU
		{FFF69A26-DA04-4C54-B865-0458BF2A2673}.Release|Any CPU.ActiveCfg = Release|Any CPU
		{FFF69A26-DA04-4C54-B865-0458BF2A2673}.Release|Any CPU.Build.0 = Release|Any CPU
		{0DF66974-E022-458A-A033-484D507FEFBA}.Debug|Any CPU.ActiveCfg = Debug|Any CPU
		{0DF66974-E022-458A-A033-484D507FEFBA}.Debug|Any CPU.Build.0 = Debug|Any CPU
		{0DF66974-E022-458A-A033-484D507FEFBA}.Release|Any CPU.ActiveCfg = Release|Any CPU
		{0DF66974-E022-458A-A033-484D507FEFBA}.Release|Any CPU.Build.0 = Release|Any CPU
		{F55A4D1B-1055-4E99-9900-492310A47BFE}.Debug|Any CPU.ActiveCfg = Debug|Any CPU
		{F55A4D1B-1055-4E99-9900-492310A47BFE}.Debug|Any CPU.Build.0 = Debug|Any CPU
		{F55A4D1B-1055-4E99-9900-492310A47BFE}.Release|Any CPU.ActiveCfg = Release|Any CPU
		{F55A4D1B-1055-4E99-9900-492310A47BFE}.Release|Any CPU.Build.0 = Release|Any CPU
		{68C7C2DE-5A9B-4DFC-8094-84AAD4D1E5BE}.Debug|Any CPU.ActiveCfg = Debug|Any CPU
		{68C7C2DE-5A9B-4DFC-8094-84AAD4D1E5BE}.Debug|Any CPU.Build.0 = Debug|Any CPU
		{68C7C2DE-5A9B-4DFC-8094-84AAD4D1E5BE}.Release|Any CPU.ActiveCfg = Release|Any CPU
		{68C7C2DE-5A9B-4DFC-8094-84AAD4D1E5BE}.Release|Any CPU.Build.0 = Release|Any CPU
	EndGlobalSection
EndGlobal
